
Microsoft Visual Studio Solution File, Format Version 12.00
# Visual Studio Version 17
VisualStudioVersion = 17.5.002.0
MinimumVisualStudioVersion = 10.0.40219.1
Project("{9A19103F-16F7-4668-BE54-9A1E7A4F7556}") = "nrdotnetsvc", "nrdotnetsvc.csproj", "{3D5CB033-B475-42E7-85F9-1BCA175A0E2E}"
EndProject
Global
	GlobalSection(SolutionConfigurationPlatforms) = preSolution
		Debug|Any CPU = Debug|Any CPU
		Release|Any CPU = Release|Any CPU
	EndGlobalSection
	GlobalSection(ProjectConfigurationPlatforms) = postSolution
		{3D5CB033-B475-42E7-85F9-1BCA175A0E2E}.Debug|Any CPU.ActiveCfg = Debug|Any CPU
		{3D5CB033-B475-42E7-85F9-1BCA175A0E2E}.Debug|Any CPU.Build.0 = Debug|Any CPU
		{3D5CB033-B475-42E7-85F9-1BCA175A0E2E}.Release|Any CPU.ActiveCfg = Release|Any CPU
		{3D5CB033-B475-42E7-85F9-1BCA175A0E2E}.Release|Any CPU.Build.0 = Release|Any CPU
	EndGlobalSection
	GlobalSection(SolutionProperties) = preSolution
		HideSolutionNode = FALSE
	EndGlobalSection
	GlobalSection(ExtensibilityGlobals) = postSolution
		SolutionGuid = {2F644587-341D-4E90-842E-C1351FF94486}
	EndGlobalSection
EndGlobal
